
Microsoft Visual Studio Solution File, Format Version 12.00
# Visual Studio 15
VisualStudioVersion = 15.0.27703.2026
MinimumVisualStudioVersion = 10.0.40219.1
Project("{FAE04EC0-301F-11D3-BF4B-00C04F79EFBC}") = "WndProc", "WndProc\WndProc.csproj", "{CBB64ECA-1942-4DF7-A1E0-27ADD00111A6}"
EndProject
Project("{FAE04EC0-301F-11D3-BF4B-00C04F79EFBC}") = "NoWindowWndProc", "NoWindowWndProc\NoWindowWndProc.csproj", "{072E4884-C567-465A-8A75-940642A95DE5}"
EndProject
Project("{FAE04EC0-301F-11D3-BF4B-00C04F79EFBC}") = "WndFormEventLoadOnce", "WndFormEventLoadOnce\WndFormEventLoadOnce.csproj", "{D6BFE336-F789-4823-9A27-F18C269FBF15}"
EndProject
Project("{FAE04EC0-301F-11D3-BF4B-00C04F79EFBC}") = "Weekly", "Weekly\Weekly.csproj", "{D750A2A3-357B-4CDC-A09E-2D3094AB7961}"
EndProject
Global
	GlobalSection(SolutionConfigurationPlatforms) = preSolution
		Debug|Any CPU = Debug|Any CPU
		Release|Any CPU = Release|Any CPU
	EndGlobalSection
	GlobalSection(ProjectConfigurationPlatforms) = postSolution
		{CBB64ECA-1942-4DF7-A1E0-27ADD00111A6}.Debug|Any CPU.ActiveCfg = Debug|Any CPU
		{CBB64ECA-1942-4DF7-A1E0-27ADD00111A6}.Debug|Any CPU.Build.0 = Debug|Any CPU
		{CBB64ECA-1942-4DF7-A1E0-27ADD00111A6}.Release|Any CPU.ActiveCfg = Release|Any CPU
		{CBB64ECA-1942-4DF7-A1E0-27ADD00111A6}.Release|Any CPU.Build.0 = Release|Any CPU
		{072E4884-C567-465A-8A75-940642A95DE5}.Debug|Any CPU.ActiveCfg = Debug|Any CPU
		{072E4884-C567-465A-8A75-940642A95DE5}.Debug|Any CPU.Build.0 = Debug|Any CPU
		{072E4884-C567-465A-8A75-940642A95DE5}.Release|Any CPU.ActiveCfg = Release|Any CPU
		{072E4884-C567-465A-8A75-940642A95DE5}.Release|Any CPU.Build.0 = Release|Any CPU
		{D6BFE336-F789-4823-9A27-F18C269FBF15}.Debug|Any CPU.ActiveCfg = Debug|Any CPU
		{D6BFE336-F789-4823-9A27-F18C269FBF15}.Debug|Any CPU.Build.0 = Debug|Any CPU
		{D6BFE336-F789-4823-9A27-F18C269FBF15}.Release|Any CPU.ActiveCfg = Release|Any CPU
		{D6BFE336-F789-4823-9A27-F18C269FBF15}.Release|Any CPU.Build.0 = Release|Any CPU
		{D750A2A3-357B-4CDC-A09E-2D3094AB7961}.Debug|Any CPU.ActiveCfg = Debug|Any CPU
		{D750A2A3-357B-4CDC-A09E-2D3094AB7961}.Debug|Any CPU.Build.0 = Debug|Any CPU
		{D750A2A3-357B-4CDC-A09E-2D3094AB7961}.Release|Any CPU.ActiveCfg = Release|Any CPU
		{D750A2A3-357B-4CDC-A09E-2D3094AB7961}.Release|Any CPU.Build.0 = Release|Any CPU
	EndGlobalSection
	GlobalSection(SolutionProperties) = preSolution
		HideSolutionNode = FALSE
	EndGlobalSection
	GlobalSection(ExtensibilityGlobals) = postSolution
		SolutionGuid = {2AAF6596-C3B9-4C83-936E-DDE9F8B64C3C}
	EndGlobalSection
EndGlobal
